{
  "requires": true,
  "lockfileVersion": 1,
  "dependencies": {
    "bootstrap": {
      "version": "4.1.1",
      "resolved": "https://registry.npmjs.org/bootstrap/-/bootstrap-4.1.1.tgz",
      "integrity": "sha512-SpiDSOcbg4J/PjVSt4ny5eY6j74VbVSjROY4Fb/WIUXBV9cnb5luyR4KnPvNoXuGnBK1T+nJIWqRsvU3yP8Mcg=="
    },
    "jquery": {
      "version": "3.3.1",
      "resolved": "https://registry.npmjs.org/jquery/-/jquery-3.3.1.tgz",
      "integrity": "sha512-Ubldcmxp5np52/ENotGxlLe6aGMvmF4R8S6tZjsP6Knsaxd/xp3Zrh50cG93lR6nPXyUFwzN3ZSOQI0wRJNdGg=="
    },
    "jquery.easing": {
      "version": "1.4.1",
      "resolved": "https://registry.npmjs.org/jquery.easing/-/jquery.easing-1.4.1.tgz",
      "integrity": "sha1-R5gsWDa9dY/UhJSSPEoQHvbpPjs="
    },
    "startbootstrap-scrolling-nav": {
      "version": "4.1.1",
      "resolved": "https://registry.npmjs.org/startbootstrap-scrolling-nav/-/startbootstrap-scrolling-nav-4.1.1.tgz",
      "integrity": "sha512-98pd7dpUFx6iOkZJa7E4ANVswknQXF2QqUz+qayfakvBChLrjFA/xw3W+9h9j7mQ6pP1ohv0vz9tL0ibWjgmGA==",
      "requires": {
        "bootstrap": "4.1.1",
        "jquery": "3.3.1",
        "jquery.easing": "^1.4.1"
      }
    }
  }
}
